
Microsoft Visual Studio Solution File, Format Version 12.00
# Visual Studio Version 16
VisualStudioVersion = 16.0.31410.357
MinimumVisualStudioVersion = 10.0.40219.1
Project("{FAE04EC0-301F-11D3-BF4B-00C04F79EFBC}") = "calculateempwageformonth", "calculateempwageformonth\calculateempwageformonth.csproj", "{949D7924-728A-467C-9797-0369DF391123}"
EndProject
Global
	GlobalSection(SolutionConfigurationPlatforms) = preSolution
		Debug|Any CPU = Debug|Any CPU
		Release|Any CPU = Release|Any CPU
	EndGlobalSection
	GlobalSection(ProjectConfigurationPlatforms) = postSolution
		{949D7924-728A-467C-9797-0369DF391123}.Debug|Any CPU.ActiveCfg = Debug|Any CPU
		{949D7924-728A-467C-9797-0369DF391123}.Debug|Any CPU.Build.0 = Debug|Any CPU
		{949D7924-728A-467C-9797-0369DF391123}.Release|Any CPU.ActiveCfg = Release|Any CPU
		{949D7924-728A-467C-9797-0369DF391123}.Release|Any CPU.Build.0 = Release|Any CPU
	EndGlobalSection
	GlobalSection(SolutionProperties) = preSolution
		HideSolutionNode = FALSE
	EndGlobalSection
	GlobalSection(ExtensibilityGlobals) = postSolution
		SolutionGuid = {D4C5AB57-E7C1-400C-9C69-B499FA918B7C}
	EndGlobalSection
EndGlobal
