
Microsoft Visual Studio Solution File, Format Version 12.00
# Visual Studio Version 16
VisualStudioVersion = 16.0.31410.357
MinimumVisualStudioVersion = 10.0.40219.1
Project("{FAE04EC0-301F-11D3-BF4B-00C04F79EFBC}") = "calculatethewageofemp", "calculatethewageofemp\calculatethewageofemp.csproj", "{52632458-6F3D-4675-9F14-9BC921BB080A}"
EndProject
Global
	GlobalSection(SolutionConfigurationPlatforms) = preSolution
		Debug|Any CPU = Debug|Any CPU
		Release|Any CPU = Release|Any CPU
	EndGlobalSection
	GlobalSection(ProjectConfigurationPlatforms) = postSolution
		{52632458-6F3D-4675-9F14-9BC921BB080A}.Debug|Any CPU.ActiveCfg = Debug|Any CPU
		{52632458-6F3D-4675-9F14-9BC921BB080A}.Debug|Any CPU.Build.0 = Debug|Any CPU
		{52632458-6F3D-4675-9F14-9BC921BB080A}.Release|Any CPU.ActiveCfg = Release|Any CPU
		{52632458-6F3D-4675-9F14-9BC921BB080A}.Release|Any CPU.Build.0 = Release|Any CPU
	EndGlobalSection
	GlobalSection(SolutionProperties) = preSolution
		HideSolutionNode = FALSE
	EndGlobalSection
	GlobalSection(ExtensibilityGlobals) = postSolution
		SolutionGuid = {D29B100A-6787-4F85-8C1B-8FA0EC4871C0}
	EndGlobalSection
EndGlobal
