
Microsoft Visual Studio Solution File, Format Version 12.00
# Visual Studio Version 16
VisualStudioVersion = 16.0.31410.357
MinimumVisualStudioVersion = 10.0.40219.1
Project("{FAE04EC0-301F-11D3-BF4B-00C04F79EFBC}") = "EmployeeWageComputationpgrm", "EmployeeWageComputationpgrm\EmployeeWageComputationpgrm.csproj", "{203B15CE-68A7-4860-B5F2-55F2384D94D9}"
EndProject
Global
	GlobalSection(SolutionConfigurationPlatforms) = preSolution
		Debug|Any CPU = Debug|Any CPU
		Release|Any CPU = Release|Any CPU
	EndGlobalSection
	GlobalSection(ProjectConfigurationPlatforms) = postSolution
		{203B15CE-68A7-4860-B5F2-55F2384D94D9}.Debug|Any CPU.ActiveCfg = Debug|Any CPU
		{203B15CE-68A7-4860-B5F2-55F2384D94D9}.Debug|Any CPU.Build.0 = Debug|Any CPU
		{203B15CE-68A7-4860-B5F2-55F2384D94D9}.Release|Any CPU.ActiveCfg = Release|Any CPU
		{203B15CE-68A7-4860-B5F2-55F2384D94D9}.Release|Any CPU.Build.0 = Release|Any CPU
	EndGlobalSection
	GlobalSection(SolutionProperties) = preSolution
		HideSolutionNode = FALSE
	EndGlobalSection
	GlobalSection(ExtensibilityGlobals) = postSolution
		SolutionGuid = {211CDB54-F8CB-4D5B-A048-14755FEC7CAE}
	EndGlobalSection
EndGlobal
